{
  "name": "dbdiff-test-tooling",
  "lockfileVersion": 3,
  "requires": true,
  "packages": {
    "": {
      "name": "dbdiff-test-tooling",
      "license": "MIT",
      "dependencies": {
        "@akalforge/pg-conformance": "~0.0.3"
      }
    },
    "node_modules/@akalforge/pg-conformance": {
      "version": "0.0.3",
      "resolved": "https://registry.npmjs.org/@akalforge/pg-conformance/-/pg-conformance-0.0.3.tgz",
      "integrity": "sha512-TFQKXVe+d6Rzc8XAoP8pMHw5+DgRh+1cf6Sa9LrXz6k8I90GOLQtQj+bw/u+PBxZo6134aZ9uEWx8Fkr887A/w==",
      "license": "MIT",
      "engines": {
        "node": ">=18"
      }
    }
  }
}
