{
  "name": "dbdiff-test-tooling",
  "lockfileVersion": 3,
  "requires": true,
  "packages": {
    "": {
      "name": "dbdiff-test-tooling",
      "license": "MIT",
      "dependencies": {
        "@akalforge/pg-conformance": "~0.0.13"
      }
    },
    "node_modules/@akalforge/pg-conformance": {
      "version": "0.0.13",
      "resolved": "https://registry.npmjs.org/@akalforge/pg-conformance/-/pg-conformance-0.0.13.tgz",
      "integrity": "sha512-aMU16HNHjF2eEIyLLarhMpAOLYKc3PISexHTLni+9PJEe5LJZ2gTKNyI8GM0ff+3o94kyJdLjByC02ZUvEioSQ==",
      "license": "MIT",
      "engines": {
        "node": ">=18"
      }
    }
  }
}
