{
  "name": "dbdiff-test-tooling",
  "lockfileVersion": 3,
  "requires": true,
  "packages": {
    "": {
      "name": "dbdiff-test-tooling",
      "license": "MIT",
      "dependencies": {
        "@akalforge/pg-conformance": "~0.0.11"
      }
    },
    "node_modules/@akalforge/pg-conformance": {
      "version": "0.0.11",
      "resolved": "https://registry.npmjs.org/@akalforge/pg-conformance/-/pg-conformance-0.0.11.tgz",
      "integrity": "sha512-cLPPy7o0Olix93SD5Dsqu+GSKkfGTdJ3uPGyQffd1OK+jgrOZCQrKRj3z3AKoxHSuKO3yQNt9SysfzKwenqGrw==",
      "license": "MIT",
      "engines": {
        "node": ">=18"
      }
    }
  }
}
